
Microsoft Visual Studio Solution File, Format Version 12.00
# Visual Studio Version 16
VisualStudioVersion = 16.0.30104.148
MinimumVisualStudioVersion = 10.0.40219.1
Project("{FAE04EC0-301F-11D3-BF4B-00C04F79EFBC}") = "ZD3", "ZD3\ZD3.csproj", "{0B4FAB5D-A481-4BA8-867A-7B37BF15ECD5}"
EndProject
Global
	GlobalSection(SolutionConfigurationPlatforms) = preSolution
		Debug|Any CPU = Debug|Any CPU
		Release|Any CPU = Release|Any CPU
	EndGlobalSection
	GlobalSection(ProjectConfigurationPlatforms) = postSolution
		{0B4FAB5D-A481-4BA8-867A-7B37BF15ECD5}.Debug|Any CPU.ActiveCfg = Debug|Any CPU
		{0B4FAB5D-A481-4BA8-867A-7B37BF15ECD5}.Debug|Any CPU.Build.0 = Debug|Any CPU
		{0B4FAB5D-A481-4BA8-867A-7B37BF15ECD5}.Release|Any CPU.ActiveCfg = Release|Any CPU
		{0B4FAB5D-A481-4BA8-867A-7B37BF15ECD5}.Release|Any CPU.Build.0 = Release|Any CPU
	EndGlobalSection
	GlobalSection(SolutionProperties) = preSolution
		HideSolutionNode = FALSE
	EndGlobalSection
	GlobalSection(ExtensibilityGlobals) = postSolution
		SolutionGuid = {35D3A226-D90F-4036-B0BB-572DC263C95F}
	EndGlobalSection
EndGlobal
